{
  "name": "toosila-project",
  "lockfileVersion": 3,
  "requires": true,
  "packages": {
    "": {
      "dependencies": {
        "@sentry/react": "^10.23.0"
      }
    },
    "node_modules/@sentry-internal/browser-utils": {
      "version": "10.23.0",
      "resolved": "https://registry.npmjs.org/@sentry-internal/browser-utils/-/browser-utils-10.23.0.tgz",
      "integrity": "sha512-FUak8FH51TnGrx2i31tgqun0VsbDCVQS7dxWnUZHdi+0hpnFoq9+wBHY+qrOQjaInZSz3crIifYv3z7SEzD0Jg==",
      "license": "MIT",
      "dependencies": {
        "@sentry/core": "10.23.0"
      },
      "engines": {
        "node": ">=18"
      }
    },
    "node_modules/@sentry-internal/feedback": {
      "version": "10.23.0",
      "resolved": "https://registry.npmjs.org/@sentry-internal/feedback/-/feedback-10.23.0.tgz",
      "integrity": "sha512-+HWC9VTPICsFX/lIPoBU9GxTaJZVXJcukP+qGxj+j/8q/Dy1w22JHDWcJbZiaW4kWWlz7VbA0KVKS3grD+e9aA==",
      "license": "MIT",
      "dependencies": {
        "@sentry/core": "10.23.0"
      },
      "engines": {
        "node": ">=18"
      }
    },
    "node_modules/@sentry-internal/replay": {
      "version": "10.23.0",
      "resolved": "https://registry.npmjs.org/@sentry-internal/replay/-/replay-10.23.0.tgz",
      "integrity": "sha512-5yPD7jVO2JY8+JEHXep0Bf/ugp4rmxv5BkHIcSAHQsKSPhziFks2x+KP+6M8hhbF1WydqAaDYlGjrkL2yspHqA==",
      "license": "MIT",
      "dependencies": {
        "@sentry-internal/browser-utils": "10.23.0",
        "@sentry/core": "10.23.0"
      },
      "engines": {
        "node": ">=18"
      }
    },
    "node_modules/@sentry-internal/replay-canvas": {
      "version": "10.23.0",
      "resolved": "https://registry.npmjs.org/@sentry-internal/replay-canvas/-/replay-canvas-10.23.0.tgz",
      "integrity": "sha512-GLNY8JPcMI6xhQ5FHiYO/W/3flrwZMt4CI/E3jDRNujYWbCrca60MRke6k7Zm1qi9rZ1FuhVWZ6BAFc4vwXnSg==",
      "license": "MIT",
      "dependencies": {
        "@sentry-internal/replay": "10.23.0",
        "@sentry/core": "10.23.0"
      },
      "engines": {
        "node": ">=18"
      }
    },
    "node_modules/@sentry/browser": {
      "version": "10.23.0",
      "resolved": "https://registry.npmjs.org/@sentry/browser/-/browser-10.23.0.tgz",
      "integrity": "sha512-9hViLfYONxRJykOhJQ3ZHQ758t1wQIsxEC7mTsydbDm+m12LgbBtXbfgcypWHlom5Yvb+wg6W+31bpdGnATglw==",
      "license": "MIT",
      "dependencies": {
        "@sentry-internal/browser-utils": "10.23.0",
        "@sentry-internal/feedback": "10.23.0",
        "@sentry-internal/replay": "10.23.0",
        "@sentry-internal/replay-canvas": "10.23.0",
        "@sentry/core": "10.23.0"
      },
      "engines": {
        "node": ">=18"
      }
    },
    "node_modules/@sentry/core": {
      "version": "10.23.0",
      "resolved": "https://registry.npmjs.org/@sentry/core/-/core-10.23.0.tgz",
      "integrity": "sha512-4aZwu6VnSHWDplY5eFORcVymhfvS/P6BRfK81TPnG/ReELaeoykKjDwR+wC4lO7S0307Vib9JGpszjsEZw245g==",
      "license": "MIT",
      "engines": {
        "node": ">=18"
      }
    },
    "node_modules/@sentry/react": {
      "version": "10.23.0",
      "resolved": "https://registry.npmjs.org/@sentry/react/-/react-10.23.0.tgz",
      "integrity": "sha512-WtDrhs9zF5YAf1DwsIhmS2E1EXx4cA3WeFCzty+rpS7e6XQXk+riAdHvAUZxccHkzv5sxSOCYANFy3J7oUiYcg==",
      "license": "MIT",
      "dependencies": {
        "@sentry/browser": "10.23.0",
        "@sentry/core": "10.23.0",
        "hoist-non-react-statics": "^3.3.2"
      },
      "engines": {
        "node": ">=18"
      },
      "peerDependencies": {
        "react": "^16.14.0 || 17.x || 18.x || 19.x"
      }
    },
    "node_modules/hoist-non-react-statics": {
      "version": "3.3.2",
      "resolved": "https://registry.npmjs.org/hoist-non-react-statics/-/hoist-non-react-statics-3.3.2.tgz",
      "integrity": "sha512-/gGivxi8JPKWNm/W0jSmzcMPpfpPLc3dY/6GxhX2hQ9iGj3aDfklV4ET7NjKpSinLpJ5vafa9iiGIEZg10SfBw==",
      "license": "BSD-3-Clause",
      "dependencies": {
        "react-is": "^16.7.0"
      }
    },
    "node_modules/react": {
      "version": "19.2.0",
      "resolved": "https://registry.npmjs.org/react/-/react-19.2.0.tgz",
      "integrity": "sha512-tmbWg6W31tQLeB5cdIBOicJDJRR2KzXsV7uSK9iNfLWQ5bIZfxuPEHp7M8wiHyHnn0DD1i7w3Zmin0FtkrwoCQ==",
      "license": "MIT",
      "peer": true,
      "engines": {
        "node": ">=0.10.0"
      }
    },
    "node_modules/react-is": {
      "version": "16.13.1",
      "resolved": "https://registry.npmjs.org/react-is/-/react-is-16.13.1.tgz",
      "integrity": "sha512-24e6ynE2H+OKt4kqsOvNd8kBpV65zoxbA4BVsEOB3ARVWQki/DHzaUoC5KuON/BiccDaCCTZBuOcfZs70kR8bQ==",
      "license": "MIT"
    }
  }
}
